{
  "version": 4,
  "terraform_version": "1.8.5",
  "serial": 107,
  "lineage": "79498ce8-348b-7ae5-bbf4-af3cb4d3f593",
  "outputs": {
    "load_balancer_dns": {
      "value": "loadbalancers-lb-1230895782.ap-south-1.elb.amazonaws.com",
      "type": "string"
    },
    "private_instance_id": {
      "value": "i-0d87ffe3314eb78f8",
      "type": "string"
    },
    "private_key": {
      "value": "-----BEGIN RSA PRIVATE KEY-----\nMIIJKQIBAAKCAgEAraMzMw9YIjE2pjrV4QT76/20ZmGg2A9V+TwxgCecP7dIwOWJ\nbpGkyAzAGuAdoo7/R0x4HAjMS35+IbG+pwqWY+iB2TPoxGMcxY3pgiPGsaTrzg6e\nQ6v4MY4c1TotrtxbvnRmb8tRAnJnibVz8JUtVF+7PRWAIg8cBzZglISNP+uHufIX\nSPYeeqv/u0Ag+uppBNIiQx2GkueR3raKIytQIfbChoPwVbtwTkLmiLM+ROpWV9/B\nzC13LLtXmkETmgantOKMYURcLoh8XzzABlqCzPnPkZVnk94Ret3Jys/3jOGPCxQN\nTlRpyLgW3lGLI2RS3UTwOhttz5ExmVh6mVjZJTqUoFGI8+fNK19xOqQuuLOGR2Zu\nMTYF74Oa6kJwSd6swREdcPHjedQ+av479qdtFx5MgntYI4AjBaBsMOGQ3BumI+F+\nPAq/tpuPp8GjsmIGRTw9oYFlNtQcA6Kx1YaF1Ju708SQopDVNoDgIsB0K/NjYs19\n1qEKEq34Z6FxV3DD9Q4Zzq6Bn3l99r7VMod5GZ3tmZn3q4TEmDHfarcBrm/B1rDc\naXolrg/bmtMSD0Mkk+U5gMQTgAhaaYDM/d+/ZfnkqzJmH66xQd7iB1ZDDGlD4gfe\n2S3gbmjCxFIs/In3AYCPWXJ9OkQMkFz69Jf/jWIcNEaiKpkilQol1s6zBS8CAwEA\nAQKCAgBi9xaSbpdz/YrBWd1XQEj5q4Nrqw9KtgrxX/5ypaDnq+ZakzkufPJnVuUT\nLFOXuFsFXy9CAz21daYcPDuG54Dp9rYzfuOXM0pNyuGhXBS+YVpI+on31gdC71W9\nrkglVtEvjxZnd4F3nI8orPQk1lGcumd0nFGImAYIklSfsaD0IqEcOUBORIEAuBGs\nvxNND9fFeKMwj56JElVQk8fN3bzxbrxWgNK1eny7DmRo24iNLOcDdLP3VJ6NL0Xx\n1E+AxXRGo60RLy4/E2mXun9T37iXbXaB6p67Z6Gc3tZJsxjMAi9OSCKBV5lnXo0i\nL2XXSTH1jXpCFCoVWRLk7MoLptkz74UpPWlZmbWmj5LrXp2Xin2W7+xtoDp1XefB\nNpbUHuHQDCSxns6YikwwSvryp/THNAQjcGHLZ1oghW4Y3FWH63RT7bJPjwESbU+x\nvoi3s/OecEnj2ZJa23Isp+zpb92xxb33/rNC8HsZYLyjyXnVXSvRR39MHhWjb38q\nv1+HxR1MR30Cc60f6u2a96tNoJxpqiUQxULcbI5M/ZG+kPyATrKZlrqgMXLaaUcw\nKBRsKyK2hcmz3ROJHvzwJeoT2Rxyyzm6ZKtPiuX2j6BjGzyJawIlsz0LA03P/y8w\nc8hB1X5V+QxX/Chfnf/IbsIBMfv6u6Isv4yKqlsO/2Z9e+LFcQKCAQEA0VE/2bAH\nRxzygExSrT3b3AUIOURkSsHnIOl4W3UKutLtoozCfM+j/ZsM3dY2U/r0Rv13tK2u\n+ylFOM4zS4OFjW7ShQq9QKZT/RWFZ8fPP6hHGmvtK3r1ySGSjftFHxUNcV2UaBIt\nT1t+AQZbMAnsdw5DtmVcHmJKUjoHDzPJpb0vD2Tqy3VKCFOl/1K9klBgYDYKqci6\nlhTtgTpZECc8t4QFDenIfGV4cDlw9kM1P98cHYP0g0tKem2/2XQico5Gx+OtUOUE\nlmlfc6q3c7aeOM19ijzr5xTupj41B+ruXaClutAnCll5k+0hxiu9r0zuCmtfPaGE\nH/RukdxrtFDjVwKCAQEA1FzYoJEnb/xGIbdRiiQsin2nEMtEE64yXiX+y3pY7o7q\n0sP9F2Ggm5cIvLtTtHmlf4pCpjn5+G0zQJ+H1ulHqbQzRGFBmxYiOjyKheyKKfjt\nhtFCDL7OfMmvW7f8tIHy1U3LQgRbo5cjFG9m+7yydCJqehdIJeM9hoMufSExZy1H\n3S8aUB5CLupb5ZtFf138w96zD5o8P/UP15oi+rZwywjVD59tcf5GqRnWQSPHZQ7x\nixvTVSJi+dw/YIHnkdew1cr5i/Xm/Grv5wvJfyI3fM6UNZHDtt828Oo6Pqnxn4KB\neJnw3O9i6lc+g8RvJ+8gmlJI+m/R6Wiki1fWyH7d6QKCAQAOid4teJSI0/HkB2kW\nr10+Avt3PtDYgG9VUeISOCbuowfuamh30tRJISPbpK1RV/TvmVtfKVEmEM/GCkx1\nykTUdgYZR42tl9/tjDkf5Dj46u9FXomyo2++8J4FTpaWehfc7+sG73xGLsyptY9P\n3uCVxF/fo1qqoZkX7P/ghnBTGrjSEOheCV+DBIxbF5wjNYH8LMTA1jhfhESa3Tqi\nbJdDB+Bx/vL18PZUlSjLcg+YyB5jzm6FUA10Q3s312EtI8S2zZGUNNQEvnzqw8jK\nOLz0pRE7MNAR1NpeoaN9UUwNJMNeHmcXyO8w3x+hbBhYvLcr8hlDZpyOu6OSbgTt\nGVExAoIBAQCTcTs+kElvaRpQQnUskl0ScpdSA67qcyGpWHwFTpb8WuITH9xTJYdb\nP4vjbbR6M5OCb75CpzI1F6xkC99GiYUmAGUv7s6cHMv63xnWThrHdXuFBTj0nG3F\nGkrURXQA59Bv5Klg1qHBfSfwAkDgO20zUMnYpt2C4LlQ8TePzUH9vuSMXy3Hvpp4\n9GKFkj64ZcsfOznbdVyrkzxCl1P9+jlp3mH/jNNyN/dbZQLrCypfsfZmfRVHoK5T\niGXAXbEoAzdV2K1WTY7oZl7WbcqiqGEaGFuyrdfS2jvNHPL/mwKVmwjFcSxYWSS2\nS4it9+6tLUvXmZXtu0Fk6zCDRqNrZRoxAoIBAQCJOKDl7952727Tl366x9o6J9OC\npfKcVP2uCzZit2f2nVSAYOc76IEFtxJxbusKmn119e84wn+ym4a9RyHCPMX6lZNf\nvsTO/MV8V3xAfl2+j0QQCbSWMuIGMqWehP3wv2f2vXUQ3RsAjahAe5cL/6/sNEQJ\nKmNCcJQWCWmHhYiw1XRW36RbLeqX+1yet7/26kQnPfYkhRcwWLvotn+clPSatmXb\nbp8xku5gQkyxzBf/waSokGi1Wxto6L3ZiTi1PEf7K4nDrZUc/UgQtWhMPFifGkKt\n2iiMERgmrUdkGK1fMHrTUr2whXvZNOF/Ij/q1Sv7OR/6hiKqcIlT9i7l1BfU\n-----END RSA PRIVATE KEY-----\n",
      "type": "string",
      "sensitive": true
    },
    "private_subnet_id": {
      "value": "subnet-0bb2996fcd705e8a0",
      "type": "string"
    },
    "public_instance_id": {
      "value": "i-07f37f7006f2e8b22",
      "type": "string"
    },
    "public_subnet_id_1": {
      "value": "subnet-048e1bce0b4056827",
      "type": "string"
    },
    "public_subnet_id_2": {
      "value": "subnet-0dbd56eeb94564cb6",
      "type": "string"
    },
    "vpc_id": {
      "value": "vpc-0b0b24494d12c07b0",
      "type": "string"
    }
  },
  "resources": [
    {
      "mode": "managed",
      "type": "aws_instance",
      "name": "private",
      "provider": "provider[\"registry.terraform.io/hashicorp/aws\"]",
      "instances": [
        {
          "schema_version": 1,
          "attributes": {
            "ami": "ami-01376101673c89611",
            "arn": "arn:aws:ec2:ap-south-1:779527285137:instance/i-0d87ffe3314eb78f8",
            "associate_public_ip_address": false,
            "availability_zone": "ap-south-1a",
            "capacity_reservation_specification": [
              {
                "capacity_reservation_preference": "open",
                "capacity_reservation_target": []
              }
            ],
            "cpu_core_count": 1,
            "cpu_options": [
              {
                "amd_sev_snp": "",
                "core_count": 1,
                "threads_per_core": 1
              }
            ],
            "cpu_threads_per_core": 1,
            "credit_specification": [
              {
                "cpu_credits": "standard"
              }
            ],
            "disable_api_stop": false,
            "disable_api_termination": false,
            "ebs_block_device": [],
            "ebs_optimized": false,
            "enclave_options": [
              {
                "enabled": false
              }
            ],
            "ephemeral_block_device": [],
            "get_password_data": false,
            "hibernation": false,
            "host_id": "",
            "host_resource_group_arn": null,
            "iam_instance_profile": "",
            "id": "i-0d87ffe3314eb78f8",
            "instance_initiated_shutdown_behavior": "stop",
            "instance_lifecycle": "",
            "instance_market_options": [],
            "instance_state": "running",
            "instance_type": "t2.micro",
            "ipv6_address_count": 0,
            "ipv6_addresses": [],
            "key_name": "keypair",
            "launch_template": [],
            "maintenance_options": [
              {
                "auto_recovery": "default"
              }
            ],
            "metadata_options": [
              {
                "http_endpoint": "enabled",
                "http_protocol_ipv6": "disabled",
                "http_put_response_hop_limit": 2,
                "http_tokens": "required",
                "instance_metadata_tags": "disabled"
              }
            ],
            "monitoring": false,
            "network_interface": [],
            "outpost_arn": "",
            "password_data": "",
            "placement_group": "",
            "placement_partition_number": 0,
            "primary_network_interface_id": "eni-09f6278d2df574d1c",
            "private_dns": "ip-10-0-2-124.ap-south-1.compute.internal",
            "private_dns_name_options": [
              {
                "enable_resource_name_dns_a_record": false,
                "enable_resource_name_dns_aaaa_record": false,
                "hostname_type": "ip-name"
              }
            ],
            "private_ip": "10.0.2.124",
            "public_dns": "",
            "public_ip": "",
            "root_block_device": [
              {
                "delete_on_termination": true,
                "device_name": "/dev/xvda",
                "encrypted": false,
                "iops": 3000,
                "kms_key_id": "",
                "tags": {},
                "tags_all": {},
                "throughput": 125,
                "volume_id": "vol-0b171ad70680dbf6e",
                "volume_size": 8,
                "volume_type": "gp3"
              }
            ],
            "secondary_private_ips": [],
            "security_groups": [
              "sg-015dd061a744e7080"
            ],
            "source_dest_check": true,
            "spot_instance_request_id": "",
            "subnet_id": "subnet-0bb2996fcd705e8a0",
            "tags": {
              "Name": "PrivateInstance"
            },
            "tags_all": {
              "Name": "PrivateInstance"
            },
            "tenancy": "default",
            "timeouts": null,
            "user_data": null,
            "user_data_base64": null,
            "user_data_replace_on_change": false,
            "volume_tags": null,
            "vpc_security_group_ids": [
              "sg-015dd061a744e7080"
            ]
          },
          "sensitive_attributes": [],
          "private": "eyJlMmJmYjczMC1lY2FhLTExZTYtOGY4OC0zNDM2M2JjN2M0YzAiOnsiY3JlYXRlIjo2MDAwMDAwMDAwMDAsImRlbGV0ZSI6MTIwMDAwMDAwMDAwMCwicmVhZCI6OTAwMDAwMDAwMDAwLCJ1cGRhdGUiOjYwMDAwMDAwMDAwMH0sInNjaGVtYV92ZXJzaW9uIjoiMSJ9",
          "dependencies": [
            "aws_key_pair.generated_key",
            "aws_security_group.allow_http",
            "aws_subnet.private",
            "aws_vpc.main",
            "tls_private_key.example"
          ]
        }
      ]
    },
    {
      "mode": "managed",
      "type": "aws_instance",
      "name": "public",
      "provider": "provider[\"registry.terraform.io/hashicorp/aws\"]",
      "instances": [
        {
          "schema_version": 1,
          "attributes": {
            "ami": "ami-01376101673c89611",
            "arn": "arn:aws:ec2:ap-south-1:779527285137:instance/i-07f37f7006f2e8b22",
            "associate_public_ip_address": true,
            "availability_zone": "ap-south-1a",
            "capacity_reservation_specification": [
              {
                "capacity_reservation_preference": "open",
                "capacity_reservation_target": []
              }
            ],
            "cpu_core_count": 1,
            "cpu_options": [
              {
                "amd_sev_snp": "",
                "core_count": 1,
                "threads_per_core": 1
              }
            ],
            "cpu_threads_per_core": 1,
            "credit_specification": [
              {
                "cpu_credits": "standard"
              }
            ],
            "disable_api_stop": false,
            "disable_api_termination": false,
            "ebs_block_device": [],
            "ebs_optimized": false,
            "enclave_options": [
              {
                "enabled": false
              }
            ],
            "ephemeral_block_device": [],
            "get_password_data": false,
            "hibernation": false,
            "host_id": "",
            "host_resource_group_arn": null,
            "iam_instance_profile": "",
            "id": "i-07f37f7006f2e8b22",
            "instance_initiated_shutdown_behavior": "stop",
            "instance_lifecycle": "",
            "instance_market_options": [],
            "instance_state": "running",
            "instance_type": "t2.micro",
            "ipv6_address_count": 0,
            "ipv6_addresses": [],
            "key_name": "keypair",
            "launch_template": [],
            "maintenance_options": [
              {
                "auto_recovery": "default"
              }
            ],
            "metadata_options": [
              {
                "http_endpoint": "enabled",
                "http_protocol_ipv6": "disabled",
                "http_put_response_hop_limit": 2,
                "http_tokens": "required",
                "instance_metadata_tags": "disabled"
              }
            ],
            "monitoring": false,
            "network_interface": [],
            "outpost_arn": "",
            "password_data": "",
            "placement_group": "",
            "placement_partition_number": 0,
            "primary_network_interface_id": "eni-004d91e4a4a781638",
            "private_dns": "ip-10-0-1-126.ap-south-1.compute.internal",
            "private_dns_name_options": [
              {
                "enable_resource_name_dns_a_record": false,
                "enable_resource_name_dns_aaaa_record": false,
                "hostname_type": "ip-name"
              }
            ],
            "private_ip": "10.0.1.126",
            "public_dns": "",
            "public_ip": "13.201.39.43",
            "root_block_device": [
              {
                "delete_on_termination": true,
                "device_name": "/dev/xvda",
                "encrypted": false,
                "iops": 3000,
                "kms_key_id": "",
                "tags": {},
                "tags_all": {},
                "throughput": 125,
                "volume_id": "vol-04712cb5d7229f1e4",
                "volume_size": 8,
                "volume_type": "gp3"
              }
            ],
            "secondary_private_ips": [],
            "security_groups": [
              "sg-00dce671b8f877bf0"
            ],
            "source_dest_check": true,
            "spot_instance_request_id": "",
            "subnet_id": "subnet-048e1bce0b4056827",
            "tags": {
              "Name": "PublicInstance"
            },
            "tags_all": {
              "Name": "PublicInstance"
            },
            "tenancy": "default",
            "timeouts": null,
            "user_data": null,
            "user_data_base64": null,
            "user_data_replace_on_change": false,
            "volume_tags": null,
            "vpc_security_group_ids": [
              "sg-00dce671b8f877bf0"
            ]
          },
          "sensitive_attributes": [],
          "private": "eyJlMmJmYjczMC1lY2FhLTExZTYtOGY4OC0zNDM2M2JjN2M0YzAiOnsiY3JlYXRlIjo2MDAwMDAwMDAwMDAsImRlbGV0ZSI6MTIwMDAwMDAwMDAwMCwicmVhZCI6OTAwMDAwMDAwMDAwLCJ1cGRhdGUiOjYwMDAwMDAwMDAwMH0sInNjaGVtYV92ZXJzaW9uIjoiMSJ9",
          "dependencies": [
            "aws_key_pair.generated_key",
            "aws_security_group.allow_ssh",
            "aws_subnet.public_1",
            "aws_vpc.main",
            "tls_private_key.example"
          ]
        }
      ]
    },
    {
      "mode": "managed",
      "type": "aws_internet_gateway",
      "name": "igw",
      "provider": "provider[\"registry.terraform.io/hashicorp/aws\"]",
      "instances": [
        {
          "schema_version": 0,
          "attributes": {
            "arn": "arn:aws:ec2:ap-south-1:779527285137:internet-gateway/igw-01836c4a7f61c6554",
            "id": "igw-01836c4a7f61c6554",
            "owner_id": "779527285137",
            "tags": {},
            "tags_all": {},
            "timeouts": null,
            "vpc_id": "vpc-0b0b24494d12c07b0"
          },
          "sensitive_attributes": [],
          "private": "eyJlMmJmYjczMC1lY2FhLTExZTYtOGY4OC0zNDM2M2JjN2M0YzAiOnsiY3JlYXRlIjoxMjAwMDAwMDAwMDAwLCJkZWxldGUiOjEyMDAwMDAwMDAwMDAsInVwZGF0ZSI6MTIwMDAwMDAwMDAwMH19",
          "dependencies": [
            "aws_vpc.main"
          ]
        }
      ]
    },
    {
      "mode": "managed",
      "type": "aws_key_pair",
      "name": "generated_key",
      "provider": "provider[\"registry.terraform.io/hashicorp/aws\"]",
      "instances": [
        {
          "schema_version": 1,
          "attributes": {
            "arn": "arn:aws:ec2:ap-south-1:779527285137:key-pair/keypair",
            "fingerprint": "e8:2e:0f:c1:24:dc:e0:c5:84:a8:d0:e0:ab:86:e7:ab",
            "id": "keypair",
            "key_name": "keypair",
            "key_name_prefix": "",
            "key_pair_id": "key-046abd684fd90a3b7",
            "key_type": "rsa",
            "public_key": "ssh-rsa AAAAB3NzaC1yc2EAAAADAQABAAACAQCtozMzD1giMTamOtXhBPvr/bRmYaDYD1X5PDGAJ5w/t0jA5YlukaTIDMAa4B2ijv9HTHgcCMxLfn4hsb6nCpZj6IHZM+jEYxzFjemCI8axpOvODp5Dq/gxjhzVOi2u3Fu+dGZvy1ECcmeJtXPwlS1UX7s9FYAiDxwHNmCUhI0/64e58hdI9h56q/+7QCD66mkE0iJDHYaS55HetoojK1Ah9sKGg/BVu3BOQuaIsz5E6lZX38HMLXcsu1eaQROaBqe04oxhRFwuiHxfPMAGWoLM+c+RlWeT3hF63cnKz/eM4Y8LFA1OVGnIuBbeUYsjZFLdRPA6G23PkTGZWHqZWNklOpSgUYjz580rX3E6pC64s4ZHZm4xNgXvg5rqQnBJ3qzBER1w8eN51D5q/jv2p20XHkyCe1gjgCMFoGww4ZDcG6Yj4X48Cr+2m4+nwaOyYgZFPD2hgWU21BwDorHVhoXUm7vTxJCikNU2gOAiwHQr82NizX3WoQoSrfhnoXFXcMP1DhnOroGfeX32vtUyh3kZne2ZmferhMSYMd9qtwGub8HWsNxpeiWuD9ua0xIPQyST5TmAxBOACFppgMz9379l+eSrMmYfrrFB3uIHVkMMaUPiB97ZLeBuaMLEUiz8ifcBgI9Zcn06RAyQXPr0l/+NYhw0RqIqmSKVCiXWzrMFLw==",
            "tags": {},
            "tags_all": {}
          },
          "sensitive_attributes": [],
          "private": "eyJzY2hlbWFfdmVyc2lvbiI6IjEifQ==",
          "dependencies": [
            "tls_private_key.example"
          ]
        }
      ]
    },
    {
      "mode": "managed",
      "type": "aws_lb",
      "name": "loadbalancers",
      "provider": "provider[\"registry.terraform.io/hashicorp/aws\"]",
      "instances": [
        {
          "schema_version": 0,
          "attributes": {
            "access_logs": [
              {
                "bucket": "",
                "enabled": false,
                "prefix": ""
              }
            ],
            "arn": "arn:aws:elasticloadbalancing:ap-south-1:779527285137:loadbalancer/app/loadbalancers-lb/e07a0b949bb9082f",
            "arn_suffix": "app/loadbalancers-lb/e07a0b949bb9082f",
            "client_keep_alive": 3600,
            "connection_logs": [
              {
                "bucket": "",
                "enabled": false,
                "prefix": ""
              }
            ],
            "customer_owned_ipv4_pool": "",
            "desync_mitigation_mode": "defensive",
            "dns_name": "loadbalancers-lb-1230895782.ap-south-1.elb.amazonaws.com",
            "dns_record_client_routing_policy": null,
            "drop_invalid_header_fields": false,
            "enable_cross_zone_load_balancing": true,
            "enable_deletion_protection": false,
            "enable_http2": true,
            "enable_tls_version_and_cipher_suite_headers": false,
            "enable_waf_fail_open": false,
            "enable_xff_client_port": false,
            "enforce_security_group_inbound_rules_on_private_link_traffic": "",
            "id": "arn:aws:elasticloadbalancing:ap-south-1:779527285137:loadbalancer/app/loadbalancers-lb/e07a0b949bb9082f",
            "idle_timeout": 60,
            "internal": false,
            "ip_address_type": "ipv4",
            "load_balancer_type": "application",
            "name": "loadbalancers-lb",
            "name_prefix": "",
            "preserve_host_header": false,
            "security_groups": [
              "sg-015dd061a744e7080"
            ],
            "subnet_mapping": [
              {
                "allocation_id": "",
                "ipv6_address": "",
                "outpost_id": "",
                "private_ipv4_address": "",
                "subnet_id": "subnet-048e1bce0b4056827"
              },
              {
                "allocation_id": "",
                "ipv6_address": "",
                "outpost_id": "",
                "private_ipv4_address": "",
                "subnet_id": "subnet-0dbd56eeb94564cb6"
              }
            ],
            "subnets": [
              "subnet-048e1bce0b4056827",
              "subnet-0dbd56eeb94564cb6"
            ],
            "tags": {},
            "tags_all": {},
            "timeouts": null,
            "vpc_id": "vpc-0b0b24494d12c07b0",
            "xff_header_processing_mode": "append",
            "zone_id": "ZP97RAFLXTNZK"
          },
          "sensitive_attributes": [],
          "private": "eyJlMmJmYjczMC1lY2FhLTExZTYtOGY4OC0zNDM2M2JjN2M0YzAiOnsiY3JlYXRlIjo2MDAwMDAwMDAwMDAsImRlbGV0ZSI6NjAwMDAwMDAwMDAwLCJ1cGRhdGUiOjYwMDAwMDAwMDAwMH19",
          "dependencies": [
            "aws_security_group.allow_http",
            "aws_subnet.public_1",
            "aws_subnet.public_2",
            "aws_vpc.main"
          ]
        }
      ]
    },
    {
      "mode": "managed",
      "type": "aws_lb_listener",
      "name": "loadbalancers",
      "provider": "provider[\"registry.terraform.io/hashicorp/aws\"]",
      "instances": [
        {
          "schema_version": 0,
          "attributes": {
            "alpn_policy": null,
            "arn": "arn:aws:elasticloadbalancing:ap-south-1:779527285137:listener/app/loadbalancers-lb/e07a0b949bb9082f/f3eb73452e71b856",
            "certificate_arn": null,
            "default_action": [
              {
                "authenticate_cognito": [],
                "authenticate_oidc": [],
                "fixed_response": [],
                "forward": [],
                "order": 1,
                "redirect": [],
                "target_group_arn": "arn:aws:elasticloadbalancing:ap-south-1:779527285137:targetgroup/loadbalancers-tg/c471164e38deaada",
                "type": "forward"
              }
            ],
            "id": "arn:aws:elasticloadbalancing:ap-south-1:779527285137:listener/app/loadbalancers-lb/e07a0b949bb9082f/f3eb73452e71b856",
            "load_balancer_arn": "arn:aws:elasticloadbalancing:ap-south-1:779527285137:loadbalancer/app/loadbalancers-lb/e07a0b949bb9082f",
            "mutual_authentication": [],
            "port": 80,
            "protocol": "HTTP",
            "ssl_policy": "",
            "tags": {},
            "tags_all": {},
            "timeouts": null
          },
          "sensitive_attributes": [],
          "private": "eyJlMmJmYjczMC1lY2FhLTExZTYtOGY4OC0zNDM2M2JjN2M0YzAiOnsiY3JlYXRlIjozMDAwMDAwMDAwMDAsInVwZGF0ZSI6MzAwMDAwMDAwMDAwfX0=",
          "dependencies": [
            "aws_lb.loadbalancers",
            "aws_lb_target_group.loadbalancers",
            "aws_security_group.allow_http",
            "aws_subnet.public_1",
            "aws_subnet.public_2",
            "aws_vpc.main"
          ]
        }
      ]
    },
    {
      "mode": "managed",
      "type": "aws_lb_target_group",
      "name": "loadbalancers",
      "provider": "provider[\"registry.terraform.io/hashicorp/aws\"]",
      "instances": [
        {
          "schema_version": 0,
          "attributes": {
            "arn": "arn:aws:elasticloadbalancing:ap-south-1:779527285137:targetgroup/loadbalancers-tg/c471164e38deaada",
            "arn_suffix": "targetgroup/loadbalancers-tg/c471164e38deaada",
            "connection_termination": null,
            "deregistration_delay": "300",
            "health_check": [
              {
                "enabled": true,
                "healthy_threshold": 5,
                "interval": 30,
                "matcher": "200",
                "path": "/",
                "port": "traffic-port",
                "protocol": "HTTP",
                "timeout": 5,
                "unhealthy_threshold": 2
              }
            ],
            "id": "arn:aws:elasticloadbalancing:ap-south-1:779527285137:targetgroup/loadbalancers-tg/c471164e38deaada",
            "ip_address_type": "ipv4",
            "lambda_multi_value_headers_enabled": false,
            "load_balancer_arns": [
              "arn:aws:elasticloadbalancing:ap-south-1:779527285137:loadbalancer/app/loadbalancers-lb/e07a0b949bb9082f"
            ],
            "load_balancing_algorithm_type": "round_robin",
            "load_balancing_anomaly_mitigation": "off",
            "load_balancing_cross_zone_enabled": "use_load_balancer_configuration",
            "name": "loadbalancers-tg",
            "name_prefix": "",
            "port": 8080,
            "preserve_client_ip": null,
            "protocol": "HTTP",
            "protocol_version": "HTTP1",
            "proxy_protocol_v2": false,
            "slow_start": 0,
            "stickiness": [
              {
                "cookie_duration": 86400,
                "cookie_name": "",
                "enabled": false,
                "type": "lb_cookie"
              }
            ],
            "tags": {},
            "tags_all": {},
            "target_failover": [
              {
                "on_deregistration": null,
                "on_unhealthy": null
              }
            ],
            "target_health_state": [
              {
                "enable_unhealthy_connection_termination": null
              }
            ],
            "target_type": "instance",
            "vpc_id": "vpc-0b0b24494d12c07b0"
          },
          "sensitive_attributes": [],
          "private": "bnVsbA==",
          "dependencies": [
            "aws_vpc.main"
          ]
        }
      ]
    },
    {
      "mode": "managed",
      "type": "aws_lb_target_group_attachment",
      "name": "loadbalancers",
      "provider": "provider[\"registry.terraform.io/hashicorp/aws\"]",
      "instances": [
        {
          "schema_version": 0,
          "attributes": {
            "availability_zone": null,
            "id": "arn:aws:elasticloadbalancing:ap-south-1:779527285137:targetgroup/loadbalancers-tg/c471164e38deaada-20240710144045833300000002",
            "port": 8080,
            "target_group_arn": "arn:aws:elasticloadbalancing:ap-south-1:779527285137:targetgroup/loadbalancers-tg/c471164e38deaada",
            "target_id": "i-0d87ffe3314eb78f8"
          },
          "sensitive_attributes": [],
          "private": "bnVsbA==",
          "dependencies": [
            "aws_instance.private",
            "aws_key_pair.generated_key",
            "aws_lb_target_group.loadbalancers",
            "aws_security_group.allow_http",
            "aws_subnet.private",
            "aws_vpc.main",
            "tls_private_key.example"
          ]
        }
      ]
    },
    {
      "mode": "managed",
      "type": "aws_route_table",
      "name": "public",
      "provider": "provider[\"registry.terraform.io/hashicorp/aws\"]",
      "instances": [
        {
          "schema_version": 0,
          "attributes": {
            "arn": "arn:aws:ec2:ap-south-1:779527285137:route-table/rtb-07770c5fe73b402e3",
            "id": "rtb-07770c5fe73b402e3",
            "owner_id": "779527285137",
            "propagating_vgws": [],
            "route": [
              {
                "carrier_gateway_id": "",
                "cidr_block": "0.0.0.0/0",
                "core_network_arn": "",
                "destination_prefix_list_id": "",
                "egress_only_gateway_id": "",
                "gateway_id": "igw-01836c4a7f61c6554",
                "ipv6_cidr_block": "",
                "local_gateway_id": "",
                "nat_gateway_id": "",
                "network_interface_id": "",
                "transit_gateway_id": "",
                "vpc_endpoint_id": "",
                "vpc_peering_connection_id": ""
              }
            ],
            "tags": {},
            "tags_all": {},
            "timeouts": null,
            "vpc_id": "vpc-0b0b24494d12c07b0"
          },
          "sensitive_attributes": [],
          "private": "eyJlMmJmYjczMC1lY2FhLTExZTYtOGY4OC0zNDM2M2JjN2M0YzAiOnsiY3JlYXRlIjozMDAwMDAwMDAwMDAsImRlbGV0ZSI6MzAwMDAwMDAwMDAwLCJ1cGRhdGUiOjEyMDAwMDAwMDAwMH19",
          "dependencies": [
            "aws_internet_gateway.igw",
            "aws_vpc.main"
          ]
        }
      ]
    },
    {
      "mode": "managed",
      "type": "aws_route_table_association",
      "name": "public_1",
      "provider": "provider[\"registry.terraform.io/hashicorp/aws\"]",
      "instances": [
        {
          "schema_version": 0,
          "attributes": {
            "gateway_id": "",
            "id": "rtbassoc-0287cee549d37069e",
            "route_table_id": "rtb-07770c5fe73b402e3",
            "subnet_id": "subnet-048e1bce0b4056827",
            "timeouts": null
          },
          "sensitive_attributes": [],
          "private": "eyJlMmJmYjczMC1lY2FhLTExZTYtOGY4OC0zNDM2M2JjN2M0YzAiOnsiY3JlYXRlIjozMDAwMDAwMDAwMDAsImRlbGV0ZSI6MzAwMDAwMDAwMDAwLCJ1cGRhdGUiOjEyMDAwMDAwMDAwMH19",
          "dependencies": [
            "aws_internet_gateway.igw",
            "aws_route_table.public",
            "aws_subnet.public_1",
            "aws_vpc.main"
          ]
        }
      ]
    },
    {
      "mode": "managed",
      "type": "aws_route_table_association",
      "name": "public_2",
      "provider": "provider[\"registry.terraform.io/hashicorp/aws\"]",
      "instances": [
        {
          "schema_version": 0,
          "attributes": {
            "gateway_id": "",
            "id": "rtbassoc-08afbe806c8208ce9",
            "route_table_id": "rtb-07770c5fe73b402e3",
            "subnet_id": "subnet-0dbd56eeb94564cb6",
            "timeouts": null
          },
          "sensitive_attributes": [],
          "private": "eyJlMmJmYjczMC1lY2FhLTExZTYtOGY4OC0zNDM2M2JjN2M0YzAiOnsiY3JlYXRlIjozMDAwMDAwMDAwMDAsImRlbGV0ZSI6MzAwMDAwMDAwMDAwLCJ1cGRhdGUiOjEyMDAwMDAwMDAwMH19",
          "dependencies": [
            "aws_internet_gateway.igw",
            "aws_route_table.public",
            "aws_subnet.public_2",
            "aws_vpc.main"
          ]
        }
      ]
    },
    {
      "mode": "managed",
      "type": "aws_security_group",
      "name": "allow_http",
      "provider": "provider[\"registry.terraform.io/hashicorp/aws\"]",
      "instances": [
        {
          "schema_version": 1,
          "attributes": {
            "arn": "arn:aws:ec2:ap-south-1:779527285137:security-group/sg-015dd061a744e7080",
            "description": "Managed by Terraform",
            "egress": [
              {
                "cidr_blocks": [
                  "0.0.0.0/0"
                ],
                "description": "",
                "from_port": 0,
                "ipv6_cidr_blocks": [],
                "prefix_list_ids": [],
                "protocol": "-1",
                "security_groups": [],
                "self": false,
                "to_port": 0
              }
            ],
            "id": "sg-015dd061a744e7080",
            "ingress": [
              {
                "cidr_blocks": [
                  "0.0.0.0/0"
                ],
                "description": "",
                "from_port": 8080,
                "ipv6_cidr_blocks": [],
                "prefix_list_ids": [],
                "protocol": "tcp",
                "security_groups": [],
                "self": false,
                "to_port": 8080
              }
            ],
            "name": "terraform-20240710141828934300000001",
            "name_prefix": "terraform-",
            "owner_id": "779527285137",
            "revoke_rules_on_delete": false,
            "tags": {},
            "tags_all": {},
            "timeouts": null,
            "vpc_id": "vpc-0b0b24494d12c07b0"
          },
          "sensitive_attributes": [],
          "private": "eyJlMmJmYjczMC1lY2FhLTExZTYtOGY4OC0zNDM2M2JjN2M0YzAiOnsiY3JlYXRlIjo2MDAwMDAwMDAwMDAsImRlbGV0ZSI6OTAwMDAwMDAwMDAwfSwic2NoZW1hX3ZlcnNpb24iOiIxIn0=",
          "dependencies": [
            "aws_vpc.main"
          ]
        }
      ]
    },
    {
      "mode": "managed",
      "type": "aws_security_group",
      "name": "allow_ssh",
      "provider": "provider[\"registry.terraform.io/hashicorp/aws\"]",
      "instances": [
        {
          "schema_version": 1,
          "attributes": {
            "arn": "arn:aws:ec2:ap-south-1:779527285137:security-group/sg-00dce671b8f877bf0",
            "description": "Managed by Terraform",
            "egress": [
              {
                "cidr_blocks": [
                  "0.0.0.0/0"
                ],
                "description": "",
                "from_port": 0,
                "ipv6_cidr_blocks": [],
                "prefix_list_ids": [],
                "protocol": "-1",
                "security_groups": [],
                "self": false,
                "to_port": 0
              }
            ],
            "id": "sg-00dce671b8f877bf0",
            "ingress": [
              {
                "cidr_blocks": [
                  "0.0.0.0/0"
                ],
                "description": "",
                "from_port": 22,
                "ipv6_cidr_blocks": [],
                "prefix_list_ids": [],
                "protocol": "tcp",
                "security_groups": [],
                "self": false,
                "to_port": 22
              }
            ],
            "name": "terraform-20240710141828934600000002",
            "name_prefix": "terraform-",
            "owner_id": "779527285137",
            "revoke_rules_on_delete": false,
            "tags": {},
            "tags_all": {},
            "timeouts": null,
            "vpc_id": "vpc-0b0b24494d12c07b0"
          },
          "sensitive_attributes": [],
          "private": "eyJlMmJmYjczMC1lY2FhLTExZTYtOGY4OC0zNDM2M2JjN2M0YzAiOnsiY3JlYXRlIjo2MDAwMDAwMDAwMDAsImRlbGV0ZSI6OTAwMDAwMDAwMDAwfSwic2NoZW1hX3ZlcnNpb24iOiIxIn0=",
          "dependencies": [
            "aws_vpc.main"
          ]
        }
      ]
    },
    {
      "mode": "managed",
      "type": "aws_subnet",
      "name": "private",
      "provider": "provider[\"registry.terraform.io/hashicorp/aws\"]",
      "instances": [
        {
          "schema_version": 1,
          "attributes": {
            "arn": "arn:aws:ec2:ap-south-1:779527285137:subnet/subnet-0bb2996fcd705e8a0",
            "assign_ipv6_address_on_creation": false,
            "availability_zone": "ap-south-1a",
            "availability_zone_id": "aps1-az1",
            "cidr_block": "10.0.2.0/24",
            "customer_owned_ipv4_pool": "",
            "enable_dns64": false,
            "enable_lni_at_device_index": 0,
            "enable_resource_name_dns_a_record_on_launch": false,
            "enable_resource_name_dns_aaaa_record_on_launch": false,
            "id": "subnet-0bb2996fcd705e8a0",
            "ipv6_cidr_block": "",
            "ipv6_cidr_block_association_id": "",
            "ipv6_native": false,
            "map_customer_owned_ip_on_launch": false,
            "map_public_ip_on_launch": false,
            "outpost_arn": "",
            "owner_id": "779527285137",
            "private_dns_hostname_type_on_launch": "ip-name",
            "tags": null,
            "tags_all": {},
            "timeouts": null,
            "vpc_id": "vpc-0b0b24494d12c07b0"
          },
          "sensitive_attributes": [],
          "private": "eyJlMmJmYjczMC1lY2FhLTExZTYtOGY4OC0zNDM2M2JjN2M0YzAiOnsiY3JlYXRlIjo2MDAwMDAwMDAwMDAsImRlbGV0ZSI6MTIwMDAwMDAwMDAwMH0sInNjaGVtYV92ZXJzaW9uIjoiMSJ9",
          "dependencies": [
            "aws_vpc.main"
          ]
        }
      ]
    },
    {
      "mode": "managed",
      "type": "aws_subnet",
      "name": "public_1",
      "provider": "provider[\"registry.terraform.io/hashicorp/aws\"]",
      "instances": [
        {
          "schema_version": 1,
          "attributes": {
            "arn": "arn:aws:ec2:ap-south-1:779527285137:subnet/subnet-048e1bce0b4056827",
            "assign_ipv6_address_on_creation": false,
            "availability_zone": "ap-south-1a",
            "availability_zone_id": "aps1-az1",
            "cidr_block": "10.0.1.0/24",
            "customer_owned_ipv4_pool": "",
            "enable_dns64": false,
            "enable_lni_at_device_index": 0,
            "enable_resource_name_dns_a_record_on_launch": false,
            "enable_resource_name_dns_aaaa_record_on_launch": false,
            "id": "subnet-048e1bce0b4056827",
            "ipv6_cidr_block": "",
            "ipv6_cidr_block_association_id": "",
            "ipv6_native": false,
            "map_customer_owned_ip_on_launch": false,
            "map_public_ip_on_launch": true,
            "outpost_arn": "",
            "owner_id": "779527285137",
            "private_dns_hostname_type_on_launch": "ip-name",
            "tags": {},
            "tags_all": {},
            "timeouts": null,
            "vpc_id": "vpc-0b0b24494d12c07b0"
          },
          "sensitive_attributes": [],
          "private": "eyJlMmJmYjczMC1lY2FhLTExZTYtOGY4OC0zNDM2M2JjN2M0YzAiOnsiY3JlYXRlIjo2MDAwMDAwMDAwMDAsImRlbGV0ZSI6MTIwMDAwMDAwMDAwMH0sInNjaGVtYV92ZXJzaW9uIjoiMSJ9",
          "dependencies": [
            "aws_vpc.main"
          ]
        }
      ]
    },
    {
      "mode": "managed",
      "type": "aws_subnet",
      "name": "public_2",
      "provider": "provider[\"registry.terraform.io/hashicorp/aws\"]",
      "instances": [
        {
          "schema_version": 1,
          "attributes": {
            "arn": "arn:aws:ec2:ap-south-1:779527285137:subnet/subnet-0dbd56eeb94564cb6",
            "assign_ipv6_address_on_creation": false,
            "availability_zone": "ap-south-1b",
            "availability_zone_id": "aps1-az3",
            "cidr_block": "10.0.3.0/24",
            "customer_owned_ipv4_pool": "",
            "enable_dns64": false,
            "enable_lni_at_device_index": 0,
            "enable_resource_name_dns_a_record_on_launch": false,
            "enable_resource_name_dns_aaaa_record_on_launch": false,
            "id": "subnet-0dbd56eeb94564cb6",
            "ipv6_cidr_block": "",
            "ipv6_cidr_block_association_id": "",
            "ipv6_native": false,
            "map_customer_owned_ip_on_launch": false,
            "map_public_ip_on_launch": true,
            "outpost_arn": "",
            "owner_id": "779527285137",
            "private_dns_hostname_type_on_launch": "ip-name",
            "tags": {},
            "tags_all": {},
            "timeouts": null,
            "vpc_id": "vpc-0b0b24494d12c07b0"
          },
          "sensitive_attributes": [],
          "private": "eyJlMmJmYjczMC1lY2FhLTExZTYtOGY4OC0zNDM2M2JjN2M0YzAiOnsiY3JlYXRlIjo2MDAwMDAwMDAwMDAsImRlbGV0ZSI6MTIwMDAwMDAwMDAwMH0sInNjaGVtYV92ZXJzaW9uIjoiMSJ9",
          "dependencies": [
            "aws_vpc.main"
          ]
        }
      ]
    },
    {
      "mode": "managed",
      "type": "aws_vpc",
      "name": "main",
      "provider": "provider[\"registry.terraform.io/hashicorp/aws\"]",
      "instances": [
        {
          "schema_version": 1,
          "attributes": {
            "arn": "arn:aws:ec2:ap-south-1:779527285137:vpc/vpc-0b0b24494d12c07b0",
            "assign_generated_ipv6_cidr_block": false,
            "cidr_block": "10.0.0.0/16",
            "default_network_acl_id": "acl-0ebf2c3b9ab2018bd",
            "default_route_table_id": "rtb-09a4385dab16469c4",
            "default_security_group_id": "sg-0e3f21d0e252c7789",
            "dhcp_options_id": "dopt-a955bfc2",
            "enable_dns_hostnames": false,
            "enable_dns_support": true,
            "enable_network_address_usage_metrics": false,
            "id": "vpc-0b0b24494d12c07b0",
            "instance_tenancy": "default",
            "ipv4_ipam_pool_id": null,
            "ipv4_netmask_length": null,
            "ipv6_association_id": "",
            "ipv6_cidr_block": "",
            "ipv6_cidr_block_network_border_group": "",
            "ipv6_ipam_pool_id": "",
            "ipv6_netmask_length": 0,
            "main_route_table_id": "rtb-09a4385dab16469c4",
            "owner_id": "779527285137",
            "tags": {},
            "tags_all": {}
          },
          "sensitive_attributes": [],
          "private": "eyJzY2hlbWFfdmVyc2lvbiI6IjEifQ=="
        }
      ]
    },
    {
      "mode": "managed",
      "type": "tls_private_key",
      "name": "example",
      "provider": "provider[\"registry.terraform.io/hashicorp/tls\"]",
      "instances": [
        {
          "schema_version": 1,
          "attributes": {
            "algorithm": "RSA",
            "ecdsa_curve": "P224",
            "id": "523c230fefae8281d69bdf7dd5fab090780c867a",
            "private_key_openssh": "-----BEGIN OPENSSH PRIVATE KEY-----\nb3BlbnNzaC1rZXktdjEAAAAABG5vbmUAAAAEbm9uZQAAAAAAAAABAAACFwAAAAdz\nc2gtcnNhAAAAAwEAAQAAAgEAraMzMw9YIjE2pjrV4QT76/20ZmGg2A9V+TwxgCec\nP7dIwOWJbpGkyAzAGuAdoo7/R0x4HAjMS35+IbG+pwqWY+iB2TPoxGMcxY3pgiPG\nsaTrzg6eQ6v4MY4c1TotrtxbvnRmb8tRAnJnibVz8JUtVF+7PRWAIg8cBzZglISN\nP+uHufIXSPYeeqv/u0Ag+uppBNIiQx2GkueR3raKIytQIfbChoPwVbtwTkLmiLM+\nROpWV9/BzC13LLtXmkETmgantOKMYURcLoh8XzzABlqCzPnPkZVnk94Ret3Jys/3\njOGPCxQNTlRpyLgW3lGLI2RS3UTwOhttz5ExmVh6mVjZJTqUoFGI8+fNK19xOqQu\nuLOGR2ZuMTYF74Oa6kJwSd6swREdcPHjedQ+av479qdtFx5MgntYI4AjBaBsMOGQ\n3BumI+F+PAq/tpuPp8GjsmIGRTw9oYFlNtQcA6Kx1YaF1Ju708SQopDVNoDgIsB0\nK/NjYs191qEKEq34Z6FxV3DD9Q4Zzq6Bn3l99r7VMod5GZ3tmZn3q4TEmDHfarcB\nrm/B1rDcaXolrg/bmtMSD0Mkk+U5gMQTgAhaaYDM/d+/ZfnkqzJmH66xQd7iB1ZD\nDGlD4gfe2S3gbmjCxFIs/In3AYCPWXJ9OkQMkFz69Jf/jWIcNEaiKpkilQol1s6z\nBS8AAAc4Mu6INjLuiDYAAAAHc3NoLXJzYQAAAgEAraMzMw9YIjE2pjrV4QT76/20\nZmGg2A9V+TwxgCecP7dIwOWJbpGkyAzAGuAdoo7/R0x4HAjMS35+IbG+pwqWY+iB\n2TPoxGMcxY3pgiPGsaTrzg6eQ6v4MY4c1TotrtxbvnRmb8tRAnJnibVz8JUtVF+7\nPRWAIg8cBzZglISNP+uHufIXSPYeeqv/u0Ag+uppBNIiQx2GkueR3raKIytQIfbC\nhoPwVbtwTkLmiLM+ROpWV9/BzC13LLtXmkETmgantOKMYURcLoh8XzzABlqCzPnP\nkZVnk94Ret3Jys/3jOGPCxQNTlRpyLgW3lGLI2RS3UTwOhttz5ExmVh6mVjZJTqU\noFGI8+fNK19xOqQuuLOGR2ZuMTYF74Oa6kJwSd6swREdcPHjedQ+av479qdtFx5M\ngntYI4AjBaBsMOGQ3BumI+F+PAq/tpuPp8GjsmIGRTw9oYFlNtQcA6Kx1YaF1Ju7\n08SQopDVNoDgIsB0K/NjYs191qEKEq34Z6FxV3DD9Q4Zzq6Bn3l99r7VMod5GZ3t\nmZn3q4TEmDHfarcBrm/B1rDcaXolrg/bmtMSD0Mkk+U5gMQTgAhaaYDM/d+/Zfnk\nqzJmH66xQd7iB1ZDDGlD4gfe2S3gbmjCxFIs/In3AYCPWXJ9OkQMkFz69Jf/jWIc\nNEaiKpkilQol1s6zBS8AAAADAQABAAACAGL3FpJul3P9isFZ3VdASPmrg2urD0q2\nCvFf/nKloOer5lqTOS588mdW5RMsU5e4WwVfL0IDPbV1phw8O4bngOn2tjN+45cz\nSk3K4aFcFL5hWkj6iffWB0LvVb2uSCVW0S+PFmd3gXecjyis9CTWUZy6Z3ScUYiY\nBgiSVJ+xoPQioRw5QE5EgQC4Eay/E00P18V4ozCPnokSVVCTx83dvPFuvFaA0rV6\nfLsOZGjbiI0s5wN0s/dUno0vRfHUT4DFdEajrREvLj8TaZe6f1PfuJdtdoHqnrtn\noZze1kmzGMwCL05IIoFXmWdejSIvZddJMfWNekIUKhVZEuTsygum2TPvhSk9aVmZ\ntaaPkutenZeKfZbv7G2gOnVd58E2ltQe4dAMJLGezpiKTDBK+vKn9Mc0BCNwYctn\nWiCFbhjcVYfrdFPtsk+PARJtT7G+iLez855wSePZklrbciyn7Olv3bHFvff+s0Lw\nexlgvKPJedVdK9FHf0weFaNvfyq/X4fFHUxHfQJzrR/q7Zr3q02gnGmqJRDFQtxs\njkz9kb6Q/IBOspmWuqAxctppRzAoFGwrIraFybPdE4ke/PAl6hPZHHLLObpkq0+K\n5faPoGMbPIlrAiWzPQsDTc//LzBzyEHVflX5DFf8KF+d/8huwgEx+/q7oiy/jIqq\nWw7/Zn174sVxAAABAQCJOKDl7952727Tl366x9o6J9OCpfKcVP2uCzZit2f2nVSA\nYOc76IEFtxJxbusKmn119e84wn+ym4a9RyHCPMX6lZNfvsTO/MV8V3xAfl2+j0QQ\nCbSWMuIGMqWehP3wv2f2vXUQ3RsAjahAe5cL/6/sNEQJKmNCcJQWCWmHhYiw1XRW\n36RbLeqX+1yet7/26kQnPfYkhRcwWLvotn+clPSatmXbbp8xku5gQkyxzBf/waSo\nkGi1Wxto6L3ZiTi1PEf7K4nDrZUc/UgQtWhMPFifGkKt2iiMERgmrUdkGK1fMHrT\nUr2whXvZNOF/Ij/q1Sv7OR/6hiKqcIlT9i7l1BfUAAABAQDRUT/ZsAdHHPKATFKt\nPdvcBQg5RGRKwecg6XhbdQq60u2ijMJ8z6P9mwzd1jZT+vRG/Xe0ra77KUU4zjNL\ng4WNbtKFCr1AplP9FYVnx88/qEcaa+0revXJIZKN+0UfFQ1xXZRoEi1PW34BBlsw\nCex3DkO2ZVweYkpSOgcPM8mlvS8PZOrLdUoIU6X/Ur2SUGBgNgqpyLqWFO2BOlkQ\nJzy3hAUN6ch8ZXhwOXD2QzU/3xwdg/SDS0p6bb/ZdCJyjkbH461Q5QSWaV9zqrdz\ntp44zX2KPOvnFO6mPjUH6u5doKW60CcKWXmT7SHGK72vTO4Ka189oYQf9G6R3Gu0\nUONXAAABAQDUXNigkSdv/EYht1GKJCyKfacQy0QTrjJeJf7LeljujurSw/0XYaCb\nlwi8u1O0eaV/ikKmOfn4bTNAn4fW6UeptDNEYUGbFiI6PIqF7Iop+O2G0UIMvs58\nya9bt/y0gfLVTctCBFujlyMUb2b7vLJ0Imp6F0gl4z2Ggy59ITFnLUfdLxpQHkIu\n6lvlm0V/XfzD3rMPmjw/9Q/XmiL6tnDLCNUPn21x/kapGdZBI8dlDvGLG9NVImL5\n3D9ggeeR17DVyvmL9eb8au/nC8l/Ijd8zpQ1kcO23zbw6jo+qfGfgoF4mfDc72Lq\nVz6DxG8n7yCaUkj6b9HpaKSLV9bIft3pAAAAAAEC\n-----END OPENSSH PRIVATE KEY-----\n",
            "private_key_pem": "-----BEGIN RSA PRIVATE KEY-----\nMIIJKQIBAAKCAgEAraMzMw9YIjE2pjrV4QT76/20ZmGg2A9V+TwxgCecP7dIwOWJ\nbpGkyAzAGuAdoo7/R0x4HAjMS35+IbG+pwqWY+iB2TPoxGMcxY3pgiPGsaTrzg6e\nQ6v4MY4c1TotrtxbvnRmb8tRAnJnibVz8JUtVF+7PRWAIg8cBzZglISNP+uHufIX\nSPYeeqv/u0Ag+uppBNIiQx2GkueR3raKIytQIfbChoPwVbtwTkLmiLM+ROpWV9/B\nzC13LLtXmkETmgantOKMYURcLoh8XzzABlqCzPnPkZVnk94Ret3Jys/3jOGPCxQN\nTlRpyLgW3lGLI2RS3UTwOhttz5ExmVh6mVjZJTqUoFGI8+fNK19xOqQuuLOGR2Zu\nMTYF74Oa6kJwSd6swREdcPHjedQ+av479qdtFx5MgntYI4AjBaBsMOGQ3BumI+F+\nPAq/tpuPp8GjsmIGRTw9oYFlNtQcA6Kx1YaF1Ju708SQopDVNoDgIsB0K/NjYs19\n1qEKEq34Z6FxV3DD9Q4Zzq6Bn3l99r7VMod5GZ3tmZn3q4TEmDHfarcBrm/B1rDc\naXolrg/bmtMSD0Mkk+U5gMQTgAhaaYDM/d+/ZfnkqzJmH66xQd7iB1ZDDGlD4gfe\n2S3gbmjCxFIs/In3AYCPWXJ9OkQMkFz69Jf/jWIcNEaiKpkilQol1s6zBS8CAwEA\nAQKCAgBi9xaSbpdz/YrBWd1XQEj5q4Nrqw9KtgrxX/5ypaDnq+ZakzkufPJnVuUT\nLFOXuFsFXy9CAz21daYcPDuG54Dp9rYzfuOXM0pNyuGhXBS+YVpI+on31gdC71W9\nrkglVtEvjxZnd4F3nI8orPQk1lGcumd0nFGImAYIklSfsaD0IqEcOUBORIEAuBGs\nvxNND9fFeKMwj56JElVQk8fN3bzxbrxWgNK1eny7DmRo24iNLOcDdLP3VJ6NL0Xx\n1E+AxXRGo60RLy4/E2mXun9T37iXbXaB6p67Z6Gc3tZJsxjMAi9OSCKBV5lnXo0i\nL2XXSTH1jXpCFCoVWRLk7MoLptkz74UpPWlZmbWmj5LrXp2Xin2W7+xtoDp1XefB\nNpbUHuHQDCSxns6YikwwSvryp/THNAQjcGHLZ1oghW4Y3FWH63RT7bJPjwESbU+x\nvoi3s/OecEnj2ZJa23Isp+zpb92xxb33/rNC8HsZYLyjyXnVXSvRR39MHhWjb38q\nv1+HxR1MR30Cc60f6u2a96tNoJxpqiUQxULcbI5M/ZG+kPyATrKZlrqgMXLaaUcw\nKBRsKyK2hcmz3ROJHvzwJeoT2Rxyyzm6ZKtPiuX2j6BjGzyJawIlsz0LA03P/y8w\nc8hB1X5V+QxX/Chfnf/IbsIBMfv6u6Isv4yKqlsO/2Z9e+LFcQKCAQEA0VE/2bAH\nRxzygExSrT3b3AUIOURkSsHnIOl4W3UKutLtoozCfM+j/ZsM3dY2U/r0Rv13tK2u\n+ylFOM4zS4OFjW7ShQq9QKZT/RWFZ8fPP6hHGmvtK3r1ySGSjftFHxUNcV2UaBIt\nT1t+AQZbMAnsdw5DtmVcHmJKUjoHDzPJpb0vD2Tqy3VKCFOl/1K9klBgYDYKqci6\nlhTtgTpZECc8t4QFDenIfGV4cDlw9kM1P98cHYP0g0tKem2/2XQico5Gx+OtUOUE\nlmlfc6q3c7aeOM19ijzr5xTupj41B+ruXaClutAnCll5k+0hxiu9r0zuCmtfPaGE\nH/RukdxrtFDjVwKCAQEA1FzYoJEnb/xGIbdRiiQsin2nEMtEE64yXiX+y3pY7o7q\n0sP9F2Ggm5cIvLtTtHmlf4pCpjn5+G0zQJ+H1ulHqbQzRGFBmxYiOjyKheyKKfjt\nhtFCDL7OfMmvW7f8tIHy1U3LQgRbo5cjFG9m+7yydCJqehdIJeM9hoMufSExZy1H\n3S8aUB5CLupb5ZtFf138w96zD5o8P/UP15oi+rZwywjVD59tcf5GqRnWQSPHZQ7x\nixvTVSJi+dw/YIHnkdew1cr5i/Xm/Grv5wvJfyI3fM6UNZHDtt828Oo6Pqnxn4KB\neJnw3O9i6lc+g8RvJ+8gmlJI+m/R6Wiki1fWyH7d6QKCAQAOid4teJSI0/HkB2kW\nr10+Avt3PtDYgG9VUeISOCbuowfuamh30tRJISPbpK1RV/TvmVtfKVEmEM/GCkx1\nykTUdgYZR42tl9/tjDkf5Dj46u9FXomyo2++8J4FTpaWehfc7+sG73xGLsyptY9P\n3uCVxF/fo1qqoZkX7P/ghnBTGrjSEOheCV+DBIxbF5wjNYH8LMTA1jhfhESa3Tqi\nbJdDB+Bx/vL18PZUlSjLcg+YyB5jzm6FUA10Q3s312EtI8S2zZGUNNQEvnzqw8jK\nOLz0pRE7MNAR1NpeoaN9UUwNJMNeHmcXyO8w3x+hbBhYvLcr8hlDZpyOu6OSbgTt\nGVExAoIBAQCTcTs+kElvaRpQQnUskl0ScpdSA67qcyGpWHwFTpb8WuITH9xTJYdb\nP4vjbbR6M5OCb75CpzI1F6xkC99GiYUmAGUv7s6cHMv63xnWThrHdXuFBTj0nG3F\nGkrURXQA59Bv5Klg1qHBfSfwAkDgO20zUMnYpt2C4LlQ8TePzUH9vuSMXy3Hvpp4\n9GKFkj64ZcsfOznbdVyrkzxCl1P9+jlp3mH/jNNyN/dbZQLrCypfsfZmfRVHoK5T\niGXAXbEoAzdV2K1WTY7oZl7WbcqiqGEaGFuyrdfS2jvNHPL/mwKVmwjFcSxYWSS2\nS4it9+6tLUvXmZXtu0Fk6zCDRqNrZRoxAoIBAQCJOKDl7952727Tl366x9o6J9OC\npfKcVP2uCzZit2f2nVSAYOc76IEFtxJxbusKmn119e84wn+ym4a9RyHCPMX6lZNf\nvsTO/MV8V3xAfl2+j0QQCbSWMuIGMqWehP3wv2f2vXUQ3RsAjahAe5cL/6/sNEQJ\nKmNCcJQWCWmHhYiw1XRW36RbLeqX+1yet7/26kQnPfYkhRcwWLvotn+clPSatmXb\nbp8xku5gQkyxzBf/waSokGi1Wxto6L3ZiTi1PEf7K4nDrZUc/UgQtWhMPFifGkKt\n2iiMERgmrUdkGK1fMHrTUr2whXvZNOF/Ij/q1Sv7OR/6hiKqcIlT9i7l1BfU\n-----END RSA PRIVATE KEY-----\n",
            "private_key_pem_pkcs8": "-----BEGIN PRIVATE KEY-----\nMIIJQwIBADANBgkqhkiG9w0BAQEFAASCCS0wggkpAgEAAoICAQCtozMzD1giMTam\nOtXhBPvr/bRmYaDYD1X5PDGAJ5w/t0jA5YlukaTIDMAa4B2ijv9HTHgcCMxLfn4h\nsb6nCpZj6IHZM+jEYxzFjemCI8axpOvODp5Dq/gxjhzVOi2u3Fu+dGZvy1ECcmeJ\ntXPwlS1UX7s9FYAiDxwHNmCUhI0/64e58hdI9h56q/+7QCD66mkE0iJDHYaS55He\ntoojK1Ah9sKGg/BVu3BOQuaIsz5E6lZX38HMLXcsu1eaQROaBqe04oxhRFwuiHxf\nPMAGWoLM+c+RlWeT3hF63cnKz/eM4Y8LFA1OVGnIuBbeUYsjZFLdRPA6G23PkTGZ\nWHqZWNklOpSgUYjz580rX3E6pC64s4ZHZm4xNgXvg5rqQnBJ3qzBER1w8eN51D5q\n/jv2p20XHkyCe1gjgCMFoGww4ZDcG6Yj4X48Cr+2m4+nwaOyYgZFPD2hgWU21BwD\norHVhoXUm7vTxJCikNU2gOAiwHQr82NizX3WoQoSrfhnoXFXcMP1DhnOroGfeX32\nvtUyh3kZne2ZmferhMSYMd9qtwGub8HWsNxpeiWuD9ua0xIPQyST5TmAxBOACFpp\ngMz9379l+eSrMmYfrrFB3uIHVkMMaUPiB97ZLeBuaMLEUiz8ifcBgI9Zcn06RAyQ\nXPr0l/+NYhw0RqIqmSKVCiXWzrMFLwIDAQABAoICAGL3FpJul3P9isFZ3VdASPmr\ng2urD0q2CvFf/nKloOer5lqTOS588mdW5RMsU5e4WwVfL0IDPbV1phw8O4bngOn2\ntjN+45czSk3K4aFcFL5hWkj6iffWB0LvVb2uSCVW0S+PFmd3gXecjyis9CTWUZy6\nZ3ScUYiYBgiSVJ+xoPQioRw5QE5EgQC4Eay/E00P18V4ozCPnokSVVCTx83dvPFu\nvFaA0rV6fLsOZGjbiI0s5wN0s/dUno0vRfHUT4DFdEajrREvLj8TaZe6f1PfuJdt\ndoHqnrtnoZze1kmzGMwCL05IIoFXmWdejSIvZddJMfWNekIUKhVZEuTsygum2TPv\nhSk9aVmZtaaPkutenZeKfZbv7G2gOnVd58E2ltQe4dAMJLGezpiKTDBK+vKn9Mc0\nBCNwYctnWiCFbhjcVYfrdFPtsk+PARJtT7G+iLez855wSePZklrbciyn7Olv3bHF\nvff+s0LwexlgvKPJedVdK9FHf0weFaNvfyq/X4fFHUxHfQJzrR/q7Zr3q02gnGmq\nJRDFQtxsjkz9kb6Q/IBOspmWuqAxctppRzAoFGwrIraFybPdE4ke/PAl6hPZHHLL\nObpkq0+K5faPoGMbPIlrAiWzPQsDTc//LzBzyEHVflX5DFf8KF+d/8huwgEx+/q7\noiy/jIqqWw7/Zn174sVxAoIBAQDRUT/ZsAdHHPKATFKtPdvcBQg5RGRKwecg6Xhb\ndQq60u2ijMJ8z6P9mwzd1jZT+vRG/Xe0ra77KUU4zjNLg4WNbtKFCr1AplP9FYVn\nx88/qEcaa+0revXJIZKN+0UfFQ1xXZRoEi1PW34BBlswCex3DkO2ZVweYkpSOgcP\nM8mlvS8PZOrLdUoIU6X/Ur2SUGBgNgqpyLqWFO2BOlkQJzy3hAUN6ch8ZXhwOXD2\nQzU/3xwdg/SDS0p6bb/ZdCJyjkbH461Q5QSWaV9zqrdztp44zX2KPOvnFO6mPjUH\n6u5doKW60CcKWXmT7SHGK72vTO4Ka189oYQf9G6R3Gu0UONXAoIBAQDUXNigkSdv\n/EYht1GKJCyKfacQy0QTrjJeJf7LeljujurSw/0XYaCblwi8u1O0eaV/ikKmOfn4\nbTNAn4fW6UeptDNEYUGbFiI6PIqF7Iop+O2G0UIMvs58ya9bt/y0gfLVTctCBFuj\nlyMUb2b7vLJ0Imp6F0gl4z2Ggy59ITFnLUfdLxpQHkIu6lvlm0V/XfzD3rMPmjw/\n9Q/XmiL6tnDLCNUPn21x/kapGdZBI8dlDvGLG9NVImL53D9ggeeR17DVyvmL9eb8\nau/nC8l/Ijd8zpQ1kcO23zbw6jo+qfGfgoF4mfDc72LqVz6DxG8n7yCaUkj6b9Hp\naKSLV9bIft3pAoIBAA6J3i14lIjT8eQHaRavXT4C+3c+0NiAb1VR4hI4Ju6jB+5q\naHfS1EkhI9ukrVFX9O+ZW18pUSYQz8YKTHXKRNR2BhlHja2X3+2MOR/kOPjq70Ve\nibKjb77wngVOlpZ6F9zv6wbvfEYuzKm1j0/e4JXEX9+jWqqhmRfs/+CGcFMauNIQ\n6F4JX4MEjFsXnCM1gfwsxMDWOF+ERJrdOqJsl0MH4HH+8vXw9lSVKMtyD5jIHmPO\nboVQDXRDezfXYS0jxLbNkZQ01AS+fOrDyMo4vPSlETsw0BHU2l6ho31RTA0kw14e\nZxfI7zDfH6FsGFi8tyvyGUNmnI67o5JuBO0ZUTECggEBAJNxOz6QSW9pGlBCdSyS\nXRJyl1IDrupzIalYfAVOlvxa4hMf3FMlh1s/i+NttHozk4JvvkKnMjUXrGQL30aJ\nhSYAZS/uzpwcy/rfGdZOGsd1e4UFOPScbcUaStRFdADn0G/kqWDWocF9J/ACQOA7\nbTNQydim3YLguVDxN4/NQf2+5IxfLce+mnj0YoWSPrhlyx87Odt1XKuTPEKXU/36\nOWneYf+M03I391tlAusLKl+x9mZ9FUegrlOIZcBdsSgDN1XYrVZNjuhmXtZtyqKo\nYRoYW7Kt19LaO80c8v+bApWbCMVxLFhZJLZLiK337q0tS9eZle27QWTrMINGo2tl\nGjECggEBAIk4oOXv3nbvbtOXfrrH2jon04Kl8pxU/a4LNmK3Z/adVIBg5zvogQW3\nEnFu6wqafXX17zjCf7Kbhr1HIcI8xfqVk1++xM78xXxXfEB+Xb6PRBAJtJYy4gYy\npZ6E/fC/Z/a9dRDdGwCNqEB7lwv/r+w0RAkqY0JwlBYJaYeFiLDVdFbfpFst6pf7\nXJ63v/bqRCc99iSFFzBYu+i2f5yU9Jq2ZdtunzGS7mBCTLHMF//BpKiQaLVbG2jo\nvdmJOLU8R/sricOtlRz9SBC1aEw8WJ8aQq3aKIwRGCatR2QYrV8wetNSvbCFe9k0\n4X8iP+rVK/s5H/qGIqpwiVP2LuXUF9Q=\n-----END PRIVATE KEY-----\n",
            "public_key_fingerprint_md5": "2c:b1:f0:89:e2:85:8f:a2:b9:60:46:15:49:18:9d:d3",
            "public_key_fingerprint_sha256": "SHA256:jDZVckyjxXLYewy6pk/vaHhOCmMdCtS5RPqECn+SN+E",
            "public_key_openssh": "ssh-rsa AAAAB3NzaC1yc2EAAAADAQABAAACAQCtozMzD1giMTamOtXhBPvr/bRmYaDYD1X5PDGAJ5w/t0jA5YlukaTIDMAa4B2ijv9HTHgcCMxLfn4hsb6nCpZj6IHZM+jEYxzFjemCI8axpOvODp5Dq/gxjhzVOi2u3Fu+dGZvy1ECcmeJtXPwlS1UX7s9FYAiDxwHNmCUhI0/64e58hdI9h56q/+7QCD66mkE0iJDHYaS55HetoojK1Ah9sKGg/BVu3BOQuaIsz5E6lZX38HMLXcsu1eaQROaBqe04oxhRFwuiHxfPMAGWoLM+c+RlWeT3hF63cnKz/eM4Y8LFA1OVGnIuBbeUYsjZFLdRPA6G23PkTGZWHqZWNklOpSgUYjz580rX3E6pC64s4ZHZm4xNgXvg5rqQnBJ3qzBER1w8eN51D5q/jv2p20XHkyCe1gjgCMFoGww4ZDcG6Yj4X48Cr+2m4+nwaOyYgZFPD2hgWU21BwDorHVhoXUm7vTxJCikNU2gOAiwHQr82NizX3WoQoSrfhnoXFXcMP1DhnOroGfeX32vtUyh3kZne2ZmferhMSYMd9qtwGub8HWsNxpeiWuD9ua0xIPQyST5TmAxBOACFppgMz9379l+eSrMmYfrrFB3uIHVkMMaUPiB97ZLeBuaMLEUiz8ifcBgI9Zcn06RAyQXPr0l/+NYhw0RqIqmSKVCiXWzrMFLw==\n",
            "public_key_pem": "-----BEGIN PUBLIC KEY-----\nMIICIjANBgkqhkiG9w0BAQEFAAOCAg8AMIICCgKCAgEAraMzMw9YIjE2pjrV4QT7\n6/20ZmGg2A9V+TwxgCecP7dIwOWJbpGkyAzAGuAdoo7/R0x4HAjMS35+IbG+pwqW\nY+iB2TPoxGMcxY3pgiPGsaTrzg6eQ6v4MY4c1TotrtxbvnRmb8tRAnJnibVz8JUt\nVF+7PRWAIg8cBzZglISNP+uHufIXSPYeeqv/u0Ag+uppBNIiQx2GkueR3raKIytQ\nIfbChoPwVbtwTkLmiLM+ROpWV9/BzC13LLtXmkETmgantOKMYURcLoh8XzzABlqC\nzPnPkZVnk94Ret3Jys/3jOGPCxQNTlRpyLgW3lGLI2RS3UTwOhttz5ExmVh6mVjZ\nJTqUoFGI8+fNK19xOqQuuLOGR2ZuMTYF74Oa6kJwSd6swREdcPHjedQ+av479qdt\nFx5MgntYI4AjBaBsMOGQ3BumI+F+PAq/tpuPp8GjsmIGRTw9oYFlNtQcA6Kx1YaF\n1Ju708SQopDVNoDgIsB0K/NjYs191qEKEq34Z6FxV3DD9Q4Zzq6Bn3l99r7VMod5\nGZ3tmZn3q4TEmDHfarcBrm/B1rDcaXolrg/bmtMSD0Mkk+U5gMQTgAhaaYDM/d+/\nZfnkqzJmH66xQd7iB1ZDDGlD4gfe2S3gbmjCxFIs/In3AYCPWXJ9OkQMkFz69Jf/\njWIcNEaiKpkilQol1s6zBS8CAwEAAQ==\n-----END PUBLIC KEY-----\n",
            "rsa_bits": 4096
          },
          "sensitive_attributes": [
            [
              {
                "type": "get_attr",
                "value": "private_key_openssh"
              }
            ],
            [
              {
                "type": "get_attr",
                "value": "private_key_pem"
              }
            ],
            [
              {
                "type": "get_attr",
                "value": "private_key_pem_pkcs8"
              }
            ]
          ]
        }
      ]
    }
  ],
  "check_results": null
}
